// !$*UTF8*$!
{
	archiveVersion = 1;
	classes = {
	};
	objectVersion = 50;
	objects = {

/* Begin PBXBuildFile section */
		F43AA018250FB8260006866E /* AppDelegate.swift in Sources */ = {isa = PBXBuildFile; fileRef = F43AA017250FB8260006866E /* AppDelegate.swift */; };
		F43AA01A250FB8260006866E /* SceneDelegate.swift in Sources */ = {isa = PBXBuildFile; fileRef = F43AA019250FB8260006866E /* SceneDelegate.swift */; };
		F43AA01C250FB8260006866E /* ViewController.swift in Sources */ = {isa = PBXBuildFile; fileRef = F43AA01B250FB8260006866E /* ViewController.swift */; };
		F43AA01F250FB8260006866E /* Main.storyboard in Resources */ = {isa = PBXBuildFile; fileRef = F43AA01D250FB8260006866E /* Main.storyboard */; };
		F43AA021250FB82D0006866E /* Assets.xcassets in Resources */ = {isa = PBXBuildFile; fileRef = F43AA020250FB82D0006866E /* Assets.xcassets */; };
		F43AA024250FB82D0006866E /* LaunchScreen.storyboard in Resources */ = {isa = PBXBuildFile; fileRef = F43AA022250FB82D0006866E /* LaunchScreen.storyboard */; };
		F43AA02C250FB84F0006866E /* web in Resources */ = {isa = PBXBuildFile; fileRef = F43AA02B250FB84E0006866E /* web */; };
/* End PBXBuildFile section */

/* Begin PBXFileReference section */
		F43AA014250FB8260006866E /* FiTi.app */ = {isa = PBXFileReference; explicitFileType = wrapper.application; includeInIndex = 0; path = FiTi.app; sourceTree = BUILT_PRODUCTS_DIR; };
		F43AA017250FB8260006866E /* AppDelegate.swift */ = {isa = PBXFileReference; lastKnownFileType = sourcecode.swift; path = AppDelegate.swift; sourceTree = "<group>"; };
		F43AA019250FB8260006866E /* SceneDelegate.swift */ = {isa = PBXFileReference; lastKnownFileType = sourcecode.swift; path = SceneDelegate.swift; sourceTree = "<group>"; };
		F43AA01B250FB8260006866E /* ViewController.swift */ = {isa = PBXFileReference; lastKnownFileType = sourcecode.swift; path = ViewController.swift; sourceTree = "<group>"; };
		F43AA01E250FB8260006866E /* Base */ = {isa = PBXFileReference; lastKnownFileType = file.storyboard; name = Base; path = Base.lproj/Main.storyboard; sourceTree = "<group>"; };
		F43AA020250FB82D0006866E /* Assets.xcassets */ = {isa = PBXFileReference; lastKnownFileType = folder.assetcatalog; path = Assets.xcassets; sourceTree = "<group>"; };
		F43AA023250FB82D0006866E /* Base */ = {isa = PBXFileReference; lastKnownFileType = file.storyboard; name = Base; path = Base.lproj/LaunchScreen.storyboard; sourceTree = "<group>"; };
		F43AA025250FB82D0006866E /* Info.plist */ = {isa = PBXFileReference; lastKnownFileType = text.plist.xml; path = Info.plist; sourceTree = "<group>"; };
		F43AA02B250FB84E0006866E /* web */ = {isa = PBXFileReference; lastKnownFileType = folder; name = web; path = ../../web; sourceTree = "<group>"; };
/* End PBXFileReference section */

/* Begin PBXFrameworksBuildPhase section */
		F43AA011250FB8260006866E /* Frameworks */ = {
			isa = PBXFrameworksBuildPhase;
			buildActionMask = 2147483647;
			files = (
			);
			runOnlyForDeploymentPostprocessing = 0;
		};
/* End PBXFrameworksBuildPhase section */

/* Begin PBXGroup section */
		F43AA00B250FB8250006866E = {
			isa = PBXGroup;
			children = (
				F43AA016250FB8260006866E /* FiTi */,
				F43AA015250FB8260006866E /* Products */,
				F43AA02B250FB84E0006866E /* web */,
			);
			sourceTree = "<group>";
		};
		F43AA015250FB8260006866E /* Products */ = {
			isa = PBXGroup;
			children = (
				F43AA014250FB8260006866E /* FiTi.app */,
			);
			name = Products;
			sourceTree = "<group>";
		};
		F43AA016250FB8260006866E /* FiTi */ = {
			isa = PBXGroup;
			children = (
				F43AA017250FB8260006866E /* AppDelegate.swift */,
				F43AA019250FB8260006866E /* SceneDelegate.swift */,
				F43AA01B250FB8260006866E /* ViewController.swift */,
				F43AA01D250FB8260006866E /* Main.storyboard */,
				F43AA020250FB82D0006866E /* Assets.xcassets */,
				F43AA022250FB82D0006866E /* LaunchScreen.storyboard */,
				F43AA025250FB82D0006866E /* Info.plist */,
			);
			path = FiTi;
			sourceTree = "<group>";
		};
/* End PBXGroup section */

/* Begin PBXNativeTarget section */
		F43AA013250FB8260006866E /* FiTi */ = {
			isa = PBXNativeTarget;
			buildConfigurationList = F43AA028250FB82D0006866E /* Build configuration list for PBXNativeTarget "FiTi" */;
			buildPhases = (
				F43AA010250FB8260006866E /* Sources */,
				F43AA011250FB8260006866E /* Frameworks */,
				F43AA012250FB8260006866E /* Resources */,
			);
			buildRules = (
			);
			dependencies = (
			);
			name = FiTi;
			productName = FiTi;
			productReference = F43AA014250FB8260006866E /* FiTi.app */;
			productType = "com.apple.product-type.application";
		};
/* End PBXNativeTarget section */

/* Begin PBXProject section */
		F43AA00C250FB8250006866E /* Project object */ = {
			isa = PBXProject;
			attributes = {
				LastSwiftUpdateCheck = 1160;
				LastUpgradeCheck = 1160;
				ORGANIZATIONNAME = kareui;
				TargetAttributes = {
					F43AA013250FB8260006866E = {
						CreatedOnToolsVersion = 11.6;
					};
				};
			};
			buildConfigurationList = F43AA00F250FB8250006866E /* Build configuration list for PBXProject "FiTi" */;
			compatibilityVersion = "Xcode 9.3";
			developmentRegion = en;
			hasScannedForEncodings = 0;
			knownRegions = (
				en,
				Base,
			);
			mainGroup = F43AA00B250FB8250006866E;
			productRefGroup = F43AA015250FB8260006866E /* Products */;
			projectDirPath = "";
			projectRoot = "";
			targets = (
				F43AA013250FB8260006866E /* FiTi */,
			);
		};
/* End PBXProject section */

/* Begin PBXResourcesBuildPhase section */
		F43AA012250FB8260006866E /* Resources */ = {
			isa = PBXResourcesBuildPhase;
			buildActionMask = 2147483647;
			files = (
				F43AA024250FB82D0006866E /* LaunchScreen.storyboard in Resources */,
				F43AA02C250FB84F0006866E /* web in Resources */,
				F43AA021250FB82D0006866E /* Assets.xcassets in Resources */,
				F43AA01F250FB8260006866E /* Main.storyboard in Resources */,
			);
			runOnlyForDeploymentPostprocessing = 0;
		};
/* End PBXResourcesBuildPhase section */

/* Begin PBXSourcesBuildPhase section */
		F43AA010250FB8260006866E /* Sources */ = {
			isa = PBXSourcesBuildPhase;
			buildActionMask = 2147483647;
			files = (
				F43AA01C250FB8260006866E /* ViewController.swift in Sources */,
				F43AA018250FB8260006866E /* AppDelegate.swift in Sources */,
				F43AA01A250FB8260006866E /* SceneDelegate.swift in Sources */,
			);
			runOnlyForDeploymentPostprocessing = 0;
		};
/* End PBXSourcesBuildPhase section */

/* Begin PBXVariantGroup section */
		F43AA01D250FB8260006866E /* Main.storyboard */ = {
			isa = PBXVariantGroup;
			children = (
				F43AA01E250FB8260006866E /* Base */,
			);
			name = Main.storyboard;
			sourceTree = "<group>";
		};
		F43AA022250FB82D0006866E /* LaunchScreen.storyboard */ = {
			isa = PBXVariantGroup;
			children = (
				F43AA023250FB82D0006866E /* Base */,
			);
			name = LaunchScreen.storyboard;
			sourceTree = "<group>";
		};
/* End PBXVariantGroup section */

/* Begin XCBuildConfiguration section */
		F43AA026250FB82D0006866E /* Debug */ = {
			isa = XCBuildConfiguration;
			buildSettings = {
				ALWAYS_SEARCH_USER_PATHS = NO;
				CLANG_ANALYZER_NONNULL = YES;
				CLANG_ANALYZER_NUMBER_OBJECT_CONVERSION = YES_AGGRESSIVE;
				CLANG_CXX_LANGUAGE_STANDARD = "gnu++14";
				CLANG_CXX_LIBRARY = "libc++";
				CLANG_ENABLE_MODULES = YES;
				CLANG_ENABLE_OBJC_ARC = YES;
				CLANG_ENABLE_OBJC_WEAK = YES;
				CLANG_WARN_BLOCK_CAPTURE_AUTORELEASING = YES;
				CLANG_WARN_BOOL_CONVERSION = YES;
				CLANG_WARN_COMMA = YES;
				CLANG_WARN_CONSTANT_CONVERSION = YES;
				CLANG_WARN_DEPRECATED_OBJC_IMPLEMENTATIONS = YES;
				CLANG_WARN_DIRECT_OBJC_ISA_USAGE = YES_ERROR;
				CLANG_WARN_DOCUMENTATION_COMMENTS = YES;
				CLANG_WARN_EMPTY_BODY = YES;
				CLANG_WARN_ENUM_CONVERSION = YES;
				CLANG_WARN_INFINITE_RECURSION = YES;
				CLANG_WARN_INT_CONVERSION = YES;
				CLANG_WARN_NON_LITERAL_NULL_CONVERSION = YES;
				CLANG_WARN_OBJC_IMPLICIT_RETAIN_SELF = YES;
				CLANG_WARN_OBJC_LITERAL_CONVERSION = YES;
				CLANG_WARN_OBJC_ROOT_CLASS = YES_ERROR;
				CLANG_WARN_RANGE_LOOP_ANALYSIS = YES;
				CLANG_WARN_STRICT_PROTOTYPES = YES;
				CLANG_WARN_SUSPICIOUS_MOVE = YES;
				CLANG_WARN_UNGUARDED_AVAILABILITY = YES_AGGRESSIVE;
				CLANG_WARN_UNREACHABLE_CODE = YES;
				CLANG_WARN__DUPLICATE_METHOD_MATCH = YES;
				COPY_PHASE_STRIP = NO;
				DEBUG_INFORMATION_FORMAT = dwarf;
				ENABLE_STRICT_OBJC_MSGSEND = YES;
				ENABLE_TESTABILITY = YES;
				GCC_C_LANGUAGE_STANDARD = gnu11;
				GCC_DYNAMIC_NO_PIC = NO;
				GCC_NO_COMMON_BLOCKS = YES;
				GCC_OPTIMIZATION_LEVEL = 0;
				GCC_PREPROCESSOR_DEFINITIONS = (
					"DEBUG=1",
					"$(inherited)",
				);
				GCC_WARN_64_TO_32_BIT_CONVERSION = YES;
				GCC_WARN_ABOUT_RETURN_TYPE = YES_ERROR;
				GCC_WARN_UNDECLARED_SELECTOR = YES;
				GCC_WARN_UNINITIALIZED_AUTOS = YES_AGGRESSIVE;
				GCC_WARN_UNUSED_FUNCTION = YES;
				GCC_WARN_UNUSED_VARIABLE = YES;
				IPHONEOS_DEPLOYMENT_TARGET = 13.6;
				MTL_ENABLE_DEBUG_INFO = INCLUDE_SOURCE;
				MTL_FAST_MATH = YES;
				ONLY_ACTIVE_ARCH = YES;
				SDKROOT = iphoneos;
				SWIFT_ACTIVE_COMPILATION_CONDITIONS = DEBUG;
				SWIFT_OPTIMIZATION_LEVEL = "-Onone";
			};
			name = Debug;
		};
		F43AA027250FB82D0006866E /* Release */ = {
			isa = XCBuildConfiguration;
			buildSettings = {
				ALWAYS_SEARCH_USER_PATHS = NO;
				CLANG_ANALYZER_NONNULL = YES;
				CLANG_ANALYZER_NUMBER_OBJECT_CONVERSION = YES_AGGRESSIVE;
				CLANG_CXX_LANGUAGE_STANDARD = "gnu++14";
				CLANG_CXX_LIBRARY = "libc++";
				CLANG_ENABLE_MODULES = YES;
				CLANG_ENABLE_OBJC_ARC = YES;
				CLANG_ENABLE_OBJC_WEAK = YES;
				CLANG_WARN_BLOCK_CAPTURE_AUTORELEASING = YES;
				CLANG_WARN_BOOL_CONVERSION = YES;
				CLANG_WARN_COMMA = YES;
				CLANG_WARN_CONSTANT_CONVERSION = YES;
				CLANG_WARN_DEPRECATED_OBJC_IMPLEMENTATIONS = YES;
				CLANG_WARN_DIRECT_OBJC_ISA_USAGE = YES_ERROR;
				CLANG_WARN_DOCUMENTATION_COMMENTS = YES;
				CLANG_WARN_EMPTY_BODY = YES;
				CLANG_WARN_ENUM_CONVERSION = YES;
				CLANG_WARN_INFINITE_RECURSION = YES;
				CLANG_WARN_INT_CONVERSION = YES;
				CLANG_WARN_NON_LITERAL_NULL_CONVERSION = YES;
				CLANG_WARN_OBJC_IMPLICIT_RETAIN_SELF = YES;
				CLANG_WARN_OBJC_LITERAL_CONVERSION = YES;
				CLANG_WARN_OBJC_ROOT_CLASS = YES_ERROR;
				CLANG_WARN_RANGE_LOOP_ANALYSIS = YES;
				CLANG_WARN_STRICT_PROTOTYPES = YES;
				CLANG_WARN_SUSPICIOUS_MOVE = YES;
				CLANG_WARN_UNGUARDED_AVAILABILITY = YES_AGGRESSIVE;
				CLANG_WARN_UNREACHABLE_CODE = YES;
				CLANG_WARN__DUPLICATE_METHOD_MATCH = YES;
				COPY_PHASE_STRIP = NO;
				DEBUG_INFORMATION_FORMAT = "dwarf-with-dsym";
				ENABLE_NS_ASSERTIONS = NO;
				ENABLE_STRICT_OBJC_MSGSEND = YES;
				GCC_C_LANGUAGE_STANDARD = gnu11;
				GCC_NO_COMMON_BLOCKS = YES;
				GCC_WARN_64_TO_32_BIT_CONVERSION = YES;
				GCC_WARN_ABOUT_RETURN_TYPE = YES_ERROR;
				GCC_WARN_UNDECLARED_SELECTOR = YES;
				GCC_WARN_UNINITIALIZED_AUTOS = YES_AGGRESSIVE;
				GCC_WARN_UNUSED_FUNCTION = YES;
				GCC_WARN_UNUSED_VARIABLE = YES;
				IPHONEOS_DEPLOYMENT_TARGET = 13.6;
				MTL_ENABLE_DEBUG_INFO = NO;
				MTL_FAST_MATH = YES;
				SDKROOT = iphoneos;
				SWIFT_COMPILATION_MODE = wholemodule;
				SWIFT_OPTIMIZATION_LEVEL = "-O";
				VALIDATE_PRODUCT = YES;
			};
			name = Release;
		};
		F43AA029250FB82D0006866E /* Debug */ = {
			isa = XCBuildConfiguration;
			buildSettings = {
				ASSETCATALOG_COMPILER_APPICON_NAME = AppIcon;
				CODE_SIGN_STYLE = Automatic;
				DEVELOPMENT_TEAM = N8MFUVBR6C;
				INFOPLIST_FILE = FiTi/Info.plist;
				LD_RUNPATH_SEARCH_PATHS = (
					"$(inherited)",
					"@executable_path/Frameworks",
				);
				PRODUCT_BUNDLE_IDENTIFIER = com.kareui.FiTi;
				PRODUCT_NAME = "$(TARGET_NAME)";
				SWIFT_VERSION = 5.0;
				TARGETED_DEVICE_FAMILY = 1;
			};
			name = Debug;
		};
		F43AA02A250FB82D0006866E /* Release */ = {
			isa = XCBuildConfiguration;
			buildSettings = {
				ASSETCATALOG_COMPILER_APPICON_NAME = AppIcon;
				CODE_SIGN_STYLE = Automatic;
				DEVELOPMENT_TEAM = N8MFUVBR6C;
				INFOPLIST_FILE = FiTi/Info.plist;
				LD_RUNPATH_SEARCH_PATHS = (
					"$(inherited)",
					"@executable_path/Frameworks",
				);
				PRODUCT_BUNDLE_IDENTIFIER = com.kareui.FiTi;
				PRODUCT_NAME = "$(TARGET_NAME)";
				SWIFT_VERSION = 5.0;
				TARGETED_DEVICE_FAMILY = 1;
			};
			name = Release;
		};
/* End XCBuildConfiguration section */

/* Begin XCConfigurationList section */
		F43AA00F250FB8250006866E /* Build configuration list for PBXProject "FiTi" */ = {
			isa = XCConfigurationList;
			buildConfigurations = (
				F43AA026250FB82D0006866E /* Debug */,
				F43AA027250FB82D0006866E /* Release */,
			);
			defaultConfigurationIsVisible = 0;
			defaultConfigurationName = Release;
		};
		F43AA028250FB82D0006866E /* Build configuration list for PBXNativeTarget "FiTi" */ = {
			isa = XCConfigurationList;
			buildConfigurations = (
				F43AA029250FB82D0006866E /* Debug */,
				F43AA02A250FB82D0006866E /* Release */,
			);
			defaultConfigurationIsVisible = 0;
			defaultConfigurationName = Release;
		};
/* End XCConfigurationList section */
	};
	rootObject = F43AA00C250FB8250006866E /* Project object */;
}
